
Microsoft Visual Studio Solution File, Format Version 12.00
# Visual Studio Version 16
VisualStudioVersion = 16.0.32602.291
MinimumVisualStudioVersion = 10.0.40219.1
Project("{FAE04EC0-301F-11D3-BF4B-00C04F79EFBC}") = "FirstQuestion", "FirstQuestion\FirstQuestion.csproj", "{7F9D2B5A-6BEC-4B48-BE9D-30882396F891}"
EndProject
Project("{FAE04EC0-301F-11D3-BF4B-00C04F79EFBC}") = "SecondQuestion", "SecondQuestion\SecondQuestion.csproj", "{97B7D2F6-2CBC-4DEA-8D87-ACD73E328FD3}"
EndProject
Global
	GlobalSection(SolutionConfigurationPlatforms) = preSolution
		Debug|Any CPU = Debug|Any CPU
		Release|Any CPU = Release|Any CPU
	EndGlobalSection
	GlobalSection(ProjectConfigurationPlatforms) = postSolution
		{7F9D2B5A-6BEC-4B48-BE9D-30882396F891}.Debug|Any CPU.ActiveCfg = Debug|Any CPU
		{7F9D2B5A-6BEC-4B48-BE9D-30882396F891}.Debug|Any CPU.Build.0 = Debug|Any CPU
		{7F9D2B5A-6BEC-4B48-BE9D-30882396F891}.Release|Any CPU.ActiveCfg = Release|Any CPU
		{7F9D2B5A-6BEC-4B48-BE9D-30882396F891}.Release|Any CPU.Build.0 = Release|Any CPU
		{97B7D2F6-2CBC-4DEA-8D87-ACD73E328FD3}.Debug|Any CPU.ActiveCfg = Debug|Any CPU
		{97B7D2F6-2CBC-4DEA-8D87-ACD73E328FD3}.Debug|Any CPU.Build.0 = Debug|Any CPU
		{97B7D2F6-2CBC-4DEA-8D87-ACD73E328FD3}.Release|Any CPU.ActiveCfg = Release|Any CPU
		{97B7D2F6-2CBC-4DEA-8D87-ACD73E328FD3}.Release|Any CPU.Build.0 = Release|Any CPU
	EndGlobalSection
	GlobalSection(SolutionProperties) = preSolution
		HideSolutionNode = FALSE
	EndGlobalSection
	GlobalSection(ExtensibilityGlobals) = postSolution
		SolutionGuid = {9BE7836B-F3BA-48AB-A6C6-848A67E08512}
	EndGlobalSection
EndGlobal
